{
    "name": "mIAu",
    "version": "1.0.0",
    "lockfileVersion": 1,
    "requires": true,
    "dependencies": {
        "cordova-plugin-calendar": {
            "version": "5.1.4",
            "resolved": "https://registry.npmjs.org/cordova-plugin-calendar/-/cordova-plugin-calendar-5.1.4.tgz",
            "integrity": "sha512-4Cl7s/hwfrLsJr6ecK8yBNPDbQHe0YB3y+4T/PRxv86CWjJpx6eiEHRlldjizSvNWpKoMy2ZG7Y4Sr5fCPrwZA=="
        },
        "cordova-plugin-whitelist": {
            "version": "1.3.3",
            "resolved": "https://registry.npmjs.org/cordova-plugin-whitelist/-/cordova-plugin-whitelist-1.3.3.tgz",
            "integrity": "sha1-tehezbv+Wu3tQKG/TuI3LmfZb7Q="
        }
    }
}
